// !$*UTF8*$!
{
	archiveVersion = 1;
	classes = {
	};
	objectVersion = 56;
	objects = {

/* Begin PBXBuildFile section */
		491CC3AE2AB3098800391E0B /* AppDelegate.swift in Sources */ = {isa = PBXBuildFile; fileRef = 491CC3AD2AB3098800391E0B /* AppDelegate.swift */; };
		491CC3B02AB3098800391E0B /* SceneDelegate.swift in Sources */ = {isa = PBXBuildFile; fileRef = 491CC3AF2AB3098800391E0B /* SceneDelegate.swift */; };
		491CC3B22AB3098800391E0B /* ViewController.swift in Sources */ = {isa = PBXBuildFile; fileRef = 491CC3B12AB3098800391E0B /* ViewController.swift */; };
		491CC3B52AB3098800391E0B /* Main.storyboard in Resources */ = {isa = PBXBuildFile; fileRef = 491CC3B32AB3098800391E0B /* Main.storyboard */; };
		491CC3B72AB3098900391E0B /* Assets.xcassets in Resources */ = {isa = PBXBuildFile; fileRef = 491CC3B62AB3098900391E0B /* Assets.xcassets */; };
		491CC3BA2AB3098900391E0B /* LaunchScreen.storyboard in Resources */ = {isa = PBXBuildFile; fileRef = 491CC3B82AB3098900391E0B /* LaunchScreen.storyboard */; };
		491CC3C52AB3098900391E0B /* TenTechfingers_Uppgift1Tests.swift in Sources */ = {isa = PBXBuildFile; fileRef = 491CC3C42AB3098900391E0B /* TenTechfingers_Uppgift1Tests.swift */; };
		491CC3CF2AB3098900391E0B /* TenTechfingers_Uppgift1UITests.swift in Sources */ = {isa = PBXBuildFile; fileRef = 491CC3CE2AB3098900391E0B /* TenTechfingers_Uppgift1UITests.swift */; };
		491CC3D12AB3098900391E0B /* TenTechfingers_Uppgift1UITestsLaunchTests.swift in Sources */ = {isa = PBXBuildFile; fileRef = 491CC3D02AB3098900391E0B /* TenTechfingers_Uppgift1UITestsLaunchTests.swift */; };
		491CC3DE2AB309BB00391E0B /* Converter.swift in Sources */ = {isa = PBXBuildFile; fileRef = 491CC3DD2AB309BB00391E0B /* Converter.swift */; };
/* End PBXBuildFile section */

/* Begin PBXContainerItemProxy section */
		491CC3C12AB3098900391E0B /* PBXContainerItemProxy */ = {
			isa = PBXContainerItemProxy;
			containerPortal = 491CC3A22AB3098800391E0B /* Project object */;
			proxyType = 1;
			remoteGlobalIDString = 491CC3A92AB3098800391E0B;
			remoteInfo = TenTechfingers_Uppgift1;
		};
		491CC3CB2AB3098900391E0B /* PBXContainerItemProxy */ = {
			isa = PBXContainerItemProxy;
			containerPortal = 491CC3A22AB3098800391E0B /* Project object */;
			proxyType = 1;
			remoteGlobalIDString = 491CC3A92AB3098800391E0B;
			remoteInfo = TenTechfingers_Uppgift1;
		};
/* End PBXContainerItemProxy section */

/* Begin PBXFileReference section */
		491CC3AA2AB3098800391E0B /* TenTechfingers_Uppgift1.app */ = {isa = PBXFileReference; explicitFileType = wrapper.application; includeInIndex = 0; path = TenTechfingers_Uppgift1.app; sourceTree = BUILT_PRODUCTS_DIR; };
		491CC3AD2AB3098800391E0B /* AppDelegate.swift */ = {isa = PBXFileReference; lastKnownFileType = sourcecode.swift; path = AppDelegate.swift; sourceTree = "<group>"; };
		491CC3AF2AB3098800391E0B /* SceneDelegate.swift */ = {isa = PBXFileReference; lastKnownFileType = sourcecode.swift; path = SceneDelegate.swift; sourceTree = "<group>"; };
		491CC3B12AB3098800391E0B /* ViewController.swift */ = {isa = PBXFileReference; lastKnownFileType = sourcecode.swift; path = ViewController.swift; sourceTree = "<group>"; };
		491CC3B42AB3098800391E0B /* Base */ = {isa = PBXFileReference; lastKnownFileType = file.storyboard; name = Base; path = Base.lproj/Main.storyboard; sourceTree = "<group>"; };
		491CC3B62AB3098900391E0B /* Assets.xcassets */ = {isa = PBXFileReference; lastKnownFileType = folder.assetcatalog; path = Assets.xcassets; sourceTree = "<group>"; };
		491CC3B92AB3098900391E0B /* Base */ = {isa = PBXFileReference; lastKnownFileType = file.storyboard; name = Base; path = Base.lproj/LaunchScreen.storyboard; sourceTree = "<group>"; };
		491CC3BB2AB3098900391E0B /* Info.plist */ = {isa = PBXFileReference; lastKnownFileType = text.plist.xml; path = Info.plist; sourceTree = "<group>"; };
		491CC3C02AB3098900391E0B /* TenTechfingers_Uppgift1Tests.xctest */ = {isa = PBXFileReference; explicitFileType = wrapper.cfbundle; includeInIndex = 0; path = TenTechfingers_Uppgift1Tests.xctest; sourceTree = BUILT_PRODUCTS_DIR; };
		491CC3C42AB3098900391E0B /* TenTechfingers_Uppgift1Tests.swift */ = {isa = PBXFileReference; lastKnownFileType = sourcecode.swift; path = TenTechfingers_Uppgift1Tests.swift; sourceTree = "<group>"; };
		491CC3CA2AB3098900391E0B /* TenTechfingers_Uppgift1UITests.xctest */ = {isa = PBXFileReference; explicitFileType = wrapper.cfbundle; includeInIndex = 0; path = TenTechfingers_Uppgift1UITests.xctest; sourceTree = BUILT_PRODUCTS_DIR; };
		491CC3CE2AB3098900391E0B /* TenTechfingers_Uppgift1UITests.swift */ = {isa = PBXFileReference; lastKnownFileType = sourcecode.swift; path = TenTechfingers_Uppgift1UITests.swift; sourceTree = "<group>"; };
		491CC3D02AB3098900391E0B /* TenTechfingers_Uppgift1UITestsLaunchTests.swift */ = {isa = PBXFileReference; lastKnownFileType = sourcecode.swift; path = TenTechfingers_Uppgift1UITestsLaunchTests.swift; sourceTree = "<group>"; };
		491CC3DD2AB309BB00391E0B /* Converter.swift */ = {isa = PBXFileReference; lastKnownFileType = sourcecode.swift; path = Converter.swift; sourceTree = "<group>"; };
/* End PBXFileReference section */

/* Begin PBXFrameworksBuildPhase section */
		491CC3A72AB3098800391E0B /* Frameworks */ = {
			isa = PBXFrameworksBuildPhase;
			buildActionMask = 2147483647;
			files = (
			);
			runOnlyForDeploymentPostprocessing = 0;
		};
		491CC3BD2AB3098900391E0B /* Frameworks */ = {
			isa = PBXFrameworksBuildPhase;
			buildActionMask = 2147483647;
			files = (
			);
			runOnlyForDeploymentPostprocessing = 0;
		};
		491CC3C72AB3098900391E0B /* Frameworks */ = {
			isa = PBXFrameworksBuildPhase;
			buildActionMask = 2147483647;
			files = (
			);
			runOnlyForDeploymentPostprocessing = 0;
		};
/* End PBXFrameworksBuildPhase section */

/* Begin PBXGroup section */
		491CC3A12AB3098800391E0B = {
			isa = PBXGroup;
			children = (
				491CC3AC2AB3098800391E0B /* TenTechfingers_Uppgift1 */,
				491CC3C32AB3098900391E0B /* TenTechfingers_Uppgift1Tests */,
				491CC3CD2AB3098900391E0B /* TenTechfingers_Uppgift1UITests */,
				491CC3AB2AB3098800391E0B /* Products */,
			);
			sourceTree = "<group>";
		};
		491CC3AB2AB3098800391E0B /* Products */ = {
			isa = PBXGroup;
			children = (
				491CC3AA2AB3098800391E0B /* TenTechfingers_Uppgift1.app */,
				491CC3C02AB3098900391E0B /* TenTechfingers_Uppgift1Tests.xctest */,
				491CC3CA2AB3098900391E0B /* TenTechfingers_Uppgift1UITests.xctest */,
			);
			name = Products;
			sourceTree = "<group>";
		};
		491CC3AC2AB3098800391E0B /* TenTechfingers_Uppgift1 */ = {
			isa = PBXGroup;
			children = (
				491CC3AD2AB3098800391E0B /* AppDelegate.swift */,
				491CC3AF2AB3098800391E0B /* SceneDelegate.swift */,
				491CC3B12AB3098800391E0B /* ViewController.swift */,
				491CC3B32AB3098800391E0B /* Main.storyboard */,
				491CC3B62AB3098900391E0B /* Assets.xcassets */,
				491CC3B82AB3098900391E0B /* LaunchScreen.storyboard */,
				491CC3BB2AB3098900391E0B /* Info.plist */,
				491CC3DD2AB309BB00391E0B /* Converter.swift */,
			);
			path = TenTechfingers_Uppgift1;
			sourceTree = "<group>";
		};
		491CC3C32AB3098900391E0B /* TenTechfingers_Uppgift1Tests */ = {
			isa = PBXGroup;
			children = (
				491CC3C42AB3098900391E0B /* TenTechfingers_Uppgift1Tests.swift */,
			);
			path = TenTechfingers_Uppgift1Tests;
			sourceTree = "<group>";
		};
		491CC3CD2AB3098900391E0B /* TenTechfingers_Uppgift1UITests */ = {
			isa = PBXGroup;
			children = (
				491CC3CE2AB3098900391E0B /* TenTechfingers_Uppgift1UITests.swift */,
				491CC3D02AB3098900391E0B /* TenTechfingers_Uppgift1UITestsLaunchTests.swift */,
			);
			path = TenTechfingers_Uppgift1UITests;
			sourceTree = "<group>";
		};
/* End PBXGroup section */

/* Begin PBXNativeTarget section */
		491CC3A92AB3098800391E0B /* TenTechfingers_Uppgift1 */ = {
			isa = PBXNativeTarget;
			buildConfigurationList = 491CC3D42AB3098900391E0B /* Build configuration list for PBXNativeTarget "TenTechfingers_Uppgift1" */;
			buildPhases = (
				491CC3A62AB3098800391E0B /* Sources */,
				491CC3A72AB3098800391E0B /* Frameworks */,
				491CC3A82AB3098800391E0B /* Resources */,
			);
			buildRules = (
			);
			dependencies = (
			);
			name = TenTechfingers_Uppgift1;
			productName = TenTechfingers_Uppgift1;
			productReference = 491CC3AA2AB3098800391E0B /* TenTechfingers_Uppgift1.app */;
			productType = "com.apple.product-type.application";
		};
		491CC3BF2AB3098900391E0B /* TenTechfingers_Uppgift1Tests */ = {
			isa = PBXNativeTarget;
			buildConfigurationList = 491CC3D72AB3098900391E0B /* Build configuration list for PBXNativeTarget "TenTechfingers_Uppgift1Tests" */;
			buildPhases = (
				491CC3BC2AB3098900391E0B /* Sources */,
				491CC3BD2AB3098900391E0B /* Frameworks */,
				491CC3BE2AB3098900391E0B /* Resources */,
			);
			buildRules = (
			);
			dependencies = (
				491CC3C22AB3098900391E0B /* PBXTargetDependency */,
			);
			name = TenTechfingers_Uppgift1Tests;
			productName = TenTechfingers_Uppgift1Tests;
			productReference = 491CC3C02AB3098900391E0B /* TenTechfingers_Uppgift1Tests.xctest */;
			productType = "com.apple.product-type.bundle.unit-test";
		};
		491CC3C92AB3098900391E0B /* TenTechfingers_Uppgift1UITests */ = {
			isa = PBXNativeTarget;
			buildConfigurationList = 491CC3DA2AB3098900391E0B /* Build configuration list for PBXNativeTarget "TenTechfingers_Uppgift1UITests" */;
			buildPhases = (
				491CC3C62AB3098900391E0B /* Sources */,
				491CC3C72AB3098900391E0B /* Frameworks */,
				491CC3C82AB3098900391E0B /* Resources */,
			);
			buildRules = (
			);
			dependencies = (
				491CC3CC2AB3098900391E0B /* PBXTargetDependency */,
			);
			name = TenTechfingers_Uppgift1UITests;
			productName = TenTechfingers_Uppgift1UITests;
			productReference = 491CC3CA2AB3098900391E0B /* TenTechfingers_Uppgift1UITests.xctest */;
			productType = "com.apple.product-type.bundle.ui-testing";
		};
/* End PBXNativeTarget section */

/* Begin PBXProject section */
		491CC3A22AB3098800391E0B /* Project object */ = {
			isa = PBXProject;
			attributes = {
				BuildIndependentTargetsInParallel = 1;
				LastSwiftUpdateCheck = 1430;
				LastUpgradeCheck = 1430;
				TargetAttributes = {
					491CC3A92AB3098800391E0B = {
						CreatedOnToolsVersion = 14.3.1;
					};
					491CC3BF2AB3098900391E0B = {
						CreatedOnToolsVersion = 14.3.1;
						TestTargetID = 491CC3A92AB3098800391E0B;
					};
					491CC3C92AB3098900391E0B = {
						CreatedOnToolsVersion = 14.3.1;
						TestTargetID = 491CC3A92AB3098800391E0B;
					};
				};
			};
			buildConfigurationList = 491CC3A52AB3098800391E0B /* Build configuration list for PBXProject "TenTechfingers_Uppgift1" */;
			compatibilityVersion = "Xcode 14.0";
			developmentRegion = en;
			hasScannedForEncodings = 0;
			knownRegions = (
				en,
				Base,
			);
			mainGroup = 491CC3A12AB3098800391E0B;
			productRefGroup = 491CC3AB2AB3098800391E0B /* Products */;
			projectDirPath = "";
			projectRoot = "";
			targets = (
				491CC3A92AB3098800391E0B /* TenTechfingers_Uppgift1 */,
				491CC3BF2AB3098900391E0B /* TenTechfingers_Uppgift1Tests */,
				491CC3C92AB3098900391E0B /* TenTechfingers_Uppgift1UITests */,
			);
		};
/* End PBXProject section */

/* Begin PBXResourcesBuildPhase section */
		491CC3A82AB3098800391E0B /* Resources */ = {
			isa = PBXResourcesBuildPhase;
			buildActionMask = 2147483647;
			files = (
				491CC3BA2AB3098900391E0B /* LaunchScreen.storyboard in Resources */,
				491CC3B72AB3098900391E0B /* Assets.xcassets in Resources */,
				491CC3B52AB3098800391E0B /* Main.storyboard in Resources */,
			);
			runOnlyForDeploymentPostprocessing = 0;
		};
		491CC3BE2AB3098900391E0B /* Resources */ = {
			isa = PBXResourcesBuildPhase;
			buildActionMask = 2147483647;
			files = (
			);
			runOnlyForDeploymentPostprocessing = 0;
		};
		491CC3C82AB3098900391E0B /* Resources */ = {
			isa = PBXResourcesBuildPhase;
			buildActionMask = 2147483647;
			files = (
			);
			runOnlyForDeploymentPostprocessing = 0;
		};
/* End PBXResourcesBuildPhase section */

/* Begin PBXSourcesBuildPhase section */
		491CC3A62AB3098800391E0B /* Sources */ = {
			isa = PBXSourcesBuildPhase;
			buildActionMask = 2147483647;
			files = (
				491CC3B22AB3098800391E0B /* ViewController.swift in Sources */,
				491CC3AE2AB3098800391E0B /* AppDelegate.swift in Sources */,
				491CC3DE2AB309BB00391E0B /* Converter.swift in Sources */,
				491CC3B02AB3098800391E0B /* SceneDelegate.swift in Sources */,
			);
			runOnlyForDeploymentPostprocessing = 0;
		};
		491CC3BC2AB3098900391E0B /* Sources */ = {
			isa = PBXSourcesBuildPhase;
			buildActionMask = 2147483647;
			files = (
				491CC3C52AB3098900391E0B /* TenTechfingers_Uppgift1Tests.swift in Sources */,
			);
			runOnlyForDeploymentPostprocessing = 0;
		};
		491CC3C62AB3098900391E0B /* Sources */ = {
			isa = PBXSourcesBuildPhase;
			buildActionMask = 2147483647;
			files = (
				491CC3CF2AB3098900391E0B /* TenTechfingers_Uppgift1UITests.swift in Sources */,
				491CC3D12AB3098900391E0B /* TenTechfingers_Uppgift1UITestsLaunchTests.swift in Sources */,
			);
			runOnlyForDeploymentPostprocessing = 0;
		};
/* End PBXSourcesBuildPhase section */

/* Begin PBXTargetDependency section */
		491CC3C22AB3098900391E0B /* PBXTargetDependency */ = {
			isa = PBXTargetDependency;
			target = 491CC3A92AB3098800391E0B /* TenTechfingers_Uppgift1 */;
			targetProxy = 491CC3C12AB3098900391E0B /* PBXContainerItemProxy */;
		};
		491CC3CC2AB3098900391E0B /* PBXTargetDependency */ = {
			isa = PBXTargetDependency;
			target = 491CC3A92AB3098800391E0B /* TenTechfingers_Uppgift1 */;
			targetProxy = 491CC3CB2AB3098900391E0B /* PBXContainerItemProxy */;
		};
/* End PBXTargetDependency section */

/* Begin PBXVariantGroup section */
		491CC3B32AB3098800391E0B /* Main.storyboard */ = {
			isa = PBXVariantGroup;
			children = (
				491CC3B42AB3098800391E0B /* Base */,
			);
			name = Main.storyboard;
			sourceTree = "<group>";
		};
		491CC3B82AB3098900391E0B /* LaunchScreen.storyboard */ = {
			isa = PBXVariantGroup;
			children = (
				491CC3B92AB3098900391E0B /* Base */,
			);
			name = LaunchScreen.storyboard;
			sourceTree = "<group>";
		};
/* End PBXVariantGroup section */

/* Begin XCBuildConfiguration section */
		491CC3D22AB3098900391E0B /* Debug */ = {
			isa = XCBuildConfiguration;
			buildSettings = {
				ALWAYS_SEARCH_USER_PATHS = NO;
				CLANG_ANALYZER_NONNULL = YES;
				CLANG_ANALYZER_NUMBER_OBJECT_CONVERSION = YES_AGGRESSIVE;
				CLANG_CXX_LANGUAGE_STANDARD = "gnu++20";
				CLANG_ENABLE_MODULES = YES;
				CLANG_ENABLE_OBJC_ARC = YES;
				CLANG_ENABLE_OBJC_WEAK = YES;
				CLANG_WARN_BLOCK_CAPTURE_AUTORELEASING = YES;
				CLANG_WARN_BOOL_CONVERSION = YES;
				CLANG_WARN_COMMA = YES;
				CLANG_WARN_CONSTANT_CONVERSION = YES;
				CLANG_WARN_DEPRECATED_OBJC_IMPLEMENTATIONS = YES;
				CLANG_WARN_DIRECT_OBJC_ISA_USAGE = YES_ERROR;
				CLANG_WARN_DOCUMENTATION_COMMENTS = YES;
				CLANG_WARN_EMPTY_BODY = YES;
				CLANG_WARN_ENUM_CONVERSION = YES;
				CLANG_WARN_INFINITE_RECURSION = YES;
				CLANG_WARN_INT_CONVERSION = YES;
				CLANG_WARN_NON_LITERAL_NULL_CONVERSION = YES;
				CLANG_WARN_OBJC_IMPLICIT_RETAIN_SELF = YES;
				CLANG_WARN_OBJC_LITERAL_CONVERSION = YES;
				CLANG_WARN_OBJC_ROOT_CLASS = YES_ERROR;
				CLANG_WARN_QUOTED_INCLUDE_IN_FRAMEWORK_HEADER = YES;
				CLANG_WARN_RANGE_LOOP_ANALYSIS = YES;
				CLANG_WARN_STRICT_PROTOTYPES = YES;
				CLANG_WARN_SUSPICIOUS_MOVE = YES;
				CLANG_WARN_UNGUARDED_AVAILABILITY = YES_AGGRESSIVE;
				CLANG_WARN_UNREACHABLE_CODE = YES;
				CLANG_WARN__DUPLICATE_METHOD_MATCH = YES;
				COPY_PHASE_STRIP = NO;
				DEBUG_INFORMATION_FORMAT = dwarf;
				ENABLE_STRICT_OBJC_MSGSEND = YES;
				ENABLE_TESTABILITY = YES;
				GCC_C_LANGUAGE_STANDARD = gnu11;
				GCC_DYNAMIC_NO_PIC = NO;
				GCC_NO_COMMON_BLOCKS = YES;
				GCC_OPTIMIZATION_LEVEL = 0;
				GCC_PREPROCESSOR_DEFINITIONS = (
					"DEBUG=1",
					"$(inherited)",
				);
				GCC_WARN_64_TO_32_BIT_CONVERSION = YES;
				GCC_WARN_ABOUT_RETURN_TYPE = YES_ERROR;
				GCC_WARN_UNDECLARED_SELECTOR = YES;
				GCC_WARN_UNINITIALIZED_AUTOS = YES_AGGRESSIVE;
				GCC_WARN_UNUSED_FUNCTION = YES;
				GCC_WARN_UNUSED_VARIABLE = YES;
				IPHONEOS_DEPLOYMENT_TARGET = 16.4;
				MTL_ENABLE_DEBUG_INFO = INCLUDE_SOURCE;
				MTL_FAST_MATH = YES;
				ONLY_ACTIVE_ARCH = YES;
				SDKROOT = iphoneos;
				SWIFT_ACTIVE_COMPILATION_CONDITIONS = DEBUG;
				SWIFT_OPTIMIZATION_LEVEL = "-Onone";
			};
			name = Debug;
		};
		491CC3D32AB3098900391E0B /* Release */ = {
			isa = XCBuildConfiguration;
			buildSettings = {
				ALWAYS_SEARCH_USER_PATHS = NO;
				CLANG_ANALYZER_NONNULL = YES;
				CLANG_ANALYZER_NUMBER_OBJECT_CONVERSION = YES_AGGRESSIVE;
				CLANG_CXX_LANGUAGE_STANDARD = "gnu++20";
				CLANG_ENABLE_MODULES = YES;
				CLANG_ENABLE_OBJC_ARC = YES;
				CLANG_ENABLE_OBJC_WEAK = YES;
				CLANG_WARN_BLOCK_CAPTURE_AUTORELEASING = YES;
				CLANG_WARN_BOOL_CONVERSION = YES;
				CLANG_WARN_COMMA = YES;
				CLANG_WARN_CONSTANT_CONVERSION = YES;
				CLANG_WARN_DEPRECATED_OBJC_IMPLEMENTATIONS = YES;
				CLANG_WARN_DIRECT_OBJC_ISA_USAGE = YES_ERROR;
				CLANG_WARN_DOCUMENTATION_COMMENTS = YES;
				CLANG_WARN_EMPTY_BODY = YES;
				CLANG_WARN_ENUM_CONVERSION = YES;
				CLANG_WARN_INFINITE_RECURSION = YES;
				CLANG_WARN_INT_CONVERSION = YES;
				CLANG_WARN_NON_LITERAL_NULL_CONVERSION = YES;
				CLANG_WARN_OBJC_IMPLICIT_RETAIN_SELF = YES;
				CLANG_WARN_OBJC_LITERAL_CONVERSION = YES;
				CLANG_WARN_OBJC_ROOT_CLASS = YES_ERROR;
				CLANG_WARN_QUOTED_INCLUDE_IN_FRAMEWORK_HEADER = YES;
				CLANG_WARN_RANGE_LOOP_ANALYSIS = YES;
				CLANG_WARN_STRICT_PROTOTYPES = YES;
				CLANG_WARN_SUSPICIOUS_MOVE = YES;
				CLANG_WARN_UNGUARDED_AVAILABILITY = YES_AGGRESSIVE;
				CLANG_WARN_UNREACHABLE_CODE = YES;
				CLANG_WARN__DUPLICATE_METHOD_MATCH = YES;
				COPY_PHASE_STRIP = NO;
				DEBUG_INFORMATION_FORMAT = "dwarf-with-dsym";
				ENABLE_NS_ASSERTIONS = NO;
				ENABLE_STRICT_OBJC_MSGSEND = YES;
				GCC_C_LANGUAGE_STANDARD = gnu11;
				GCC_NO_COMMON_BLOCKS = YES;
				GCC_WARN_64_TO_32_BIT_CONVERSION = YES;
				GCC_WARN_ABOUT_RETURN_TYPE = YES_ERROR;
				GCC_WARN_UNDECLARED_SELECTOR = YES;
				GCC_WARN_UNINITIALIZED_AUTOS = YES_AGGRESSIVE;
				GCC_WARN_UNUSED_FUNCTION = YES;
				GCC_WARN_UNUSED_VARIABLE = YES;
				IPHONEOS_DEPLOYMENT_TARGET = 16.4;
				MTL_ENABLE_DEBUG_INFO = NO;
				MTL_FAST_MATH = YES;
				SDKROOT = iphoneos;
				SWIFT_COMPILATION_MODE = wholemodule;
				SWIFT_OPTIMIZATION_LEVEL = "-O";
				VALIDATE_PRODUCT = YES;
			};
			name = Release;
		};
		491CC3D52AB3098900391E0B /* Debug */ = {
			isa = XCBuildConfiguration;
			buildSettings = {
				ASSETCATALOG_COMPILER_APPICON_NAME = AppIcon;
				ASSETCATALOG_COMPILER_GLOBAL_ACCENT_COLOR_NAME = AccentColor;
				CODE_SIGN_STYLE = Automatic;
				CURRENT_PROJECT_VERSION = 1;
				DEVELOPMENT_TEAM = 6HK7V2Q3QW;
				GENERATE_INFOPLIST_FILE = YES;
				INFOPLIST_FILE = TenTechfingers_Uppgift1/Info.plist;
				INFOPLIST_KEY_UIApplicationSupportsIndirectInputEvents = YES;
				INFOPLIST_KEY_UILaunchStoryboardName = LaunchScreen;
				INFOPLIST_KEY_UIMainStoryboardFile = Main;
				INFOPLIST_KEY_UISupportedInterfaceOrientations_iPad = "UIInterfaceOrientationPortrait UIInterfaceOrientationPortraitUpsideDown UIInterfaceOrientationLandscapeLeft UIInterfaceOrientationLandscapeRight";
				INFOPLIST_KEY_UISupportedInterfaceOrientations_iPhone = "UIInterfaceOrientationPortrait UIInterfaceOrientationLandscapeLeft UIInterfaceOrientationLandscapeRight";
				LD_RUNPATH_SEARCH_PATHS = (
					"$(inherited)",
					"@executable_path/Frameworks",
				);
				MARKETING_VERSION = 1.0;
				PRODUCT_BUNDLE_IDENTIFIER = "test1.TenTechfingers-Uppgift1";
				PRODUCT_NAME = "$(TARGET_NAME)";
				SWIFT_EMIT_LOC_STRINGS = YES;
				SWIFT_VERSION = 5.0;
				TARGETED_DEVICE_FAMILY = "1,2";
			};
			name = Debug;
		};
		491CC3D62AB3098900391E0B /* Release */ = {
			isa = XCBuildConfiguration;
			buildSettings = {
				ASSETCATALOG_COMPILER_APPICON_NAME = AppIcon;
				ASSETCATALOG_COMPILER_GLOBAL_ACCENT_COLOR_NAME = AccentColor;
				CODE_SIGN_STYLE = Automatic;
				CURRENT_PROJECT_VERSION = 1;
				DEVELOPMENT_TEAM = 6HK7V2Q3QW;
				GENERATE_INFOPLIST_FILE = YES;
				INFOPLIST_FILE = TenTechfingers_Uppgift1/Info.plist;
				INFOPLIST_KEY_UIApplicationSupportsIndirectInputEvents = YES;
				INFOPLIST_KEY_UILaunchStoryboardName = LaunchScreen;
				INFOPLIST_KEY_UIMainStoryboardFile = Main;
				INFOPLIST_KEY_UISupportedInterfaceOrientations_iPad = "UIInterfaceOrientationPortrait UIInterfaceOrientationPortraitUpsideDown UIInterfaceOrientationLandscapeLeft UIInterfaceOrientationLandscapeRight";
				INFOPLIST_KEY_UISupportedInterfaceOrientations_iPhone = "UIInterfaceOrientationPortrait UIInterfaceOrientationLandscapeLeft UIInterfaceOrientationLandscapeRight";
				LD_RUNPATH_SEARCH_PATHS = (
					"$(inherited)",
					"@executable_path/Frameworks",
				);
				MARKETING_VERSION = 1.0;
				PRODUCT_BUNDLE_IDENTIFIER = "test1.TenTechfingers-Uppgift1";
				PRODUCT_NAME = "$(TARGET_NAME)";
				SWIFT_EMIT_LOC_STRINGS = YES;
				SWIFT_VERSION = 5.0;
				TARGETED_DEVICE_FAMILY = "1,2";
			};
			name = Release;
		};
		491CC3D82AB3098900391E0B /* Debug */ = {
			isa = XCBuildConfiguration;
			buildSettings = {
				ALWAYS_EMBED_SWIFT_STANDARD_LIBRARIES = YES;
				BUNDLE_LOADER = "$(TEST_HOST)";
				CODE_SIGN_STYLE = Automatic;
				CURRENT_PROJECT_VERSION = 1;
				DEVELOPMENT_TEAM = 6HK7V2Q3QW;
				GENERATE_INFOPLIST_FILE = YES;
				IPHONEOS_DEPLOYMENT_TARGET = 16.4;
				MARKETING_VERSION = 1.0;
				PRODUCT_BUNDLE_IDENTIFIER = "test1.TenTechfingers-Uppgift1Tests";
				PRODUCT_NAME = "$(TARGET_NAME)";
				SWIFT_EMIT_LOC_STRINGS = NO;
				SWIFT_VERSION = 5.0;
				TARGETED_DEVICE_FAMILY = "1,2";
				TEST_HOST = "$(BUILT_PRODUCTS_DIR)/TenTechfingers_Uppgift1.app/$(BUNDLE_EXECUTABLE_FOLDER_PATH)/TenTechfingers_Uppgift1";
			};
			name = Debug;
		};
		491CC3D92AB3098900391E0B /* Release */ = {
			isa = XCBuildConfiguration;
			buildSettings = {
				ALWAYS_EMBED_SWIFT_STANDARD_LIBRARIES = YES;
				BUNDLE_LOADER = "$(TEST_HOST)";
				CODE_SIGN_STYLE = Automatic;
				CURRENT_PROJECT_VERSION = 1;
				DEVELOPMENT_TEAM = 6HK7V2Q3QW;
				GENERATE_INFOPLIST_FILE = YES;
				IPHONEOS_DEPLOYMENT_TARGET = 16.4;
				MARKETING_VERSION = 1.0;
				PRODUCT_BUNDLE_IDENTIFIER = "test1.TenTechfingers-Uppgift1Tests";
				PRODUCT_NAME = "$(TARGET_NAME)";
				SWIFT_EMIT_LOC_STRINGS = NO;
				SWIFT_VERSION = 5.0;
				TARGETED_DEVICE_FAMILY = "1,2";
				TEST_HOST = "$(BUILT_PRODUCTS_DIR)/TenTechfingers_Uppgift1.app/$(BUNDLE_EXECUTABLE_FOLDER_PATH)/TenTechfingers_Uppgift1";
			};
			name = Release;
		};
		491CC3DB2AB3098900391E0B /* Debug */ = {
			isa = XCBuildConfiguration;
			buildSettings = {
				ALWAYS_EMBED_SWIFT_STANDARD_LIBRARIES = YES;
				CODE_SIGN_STYLE = Automatic;
				CURRENT_PROJECT_VERSION = 1;
				DEVELOPMENT_TEAM = 6HK7V2Q3QW;
				GENERATE_INFOPLIST_FILE = YES;
				MARKETING_VERSION = 1.0;
				PRODUCT_BUNDLE_IDENTIFIER = "test1.TenTechfingers-Uppgift1UITests";
				PRODUCT_NAME = "$(TARGET_NAME)";
				SWIFT_EMIT_LOC_STRINGS = NO;
				SWIFT_VERSION = 5.0;
				TARGETED_DEVICE_FAMILY = "1,2";
				TEST_TARGET_NAME = TenTechfingers_Uppgift1;
			};
			name = Debug;
		};
		491CC3DC2AB3098900391E0B /* Release */ = {
			isa = XCBuildConfiguration;
			buildSettings = {
				ALWAYS_EMBED_SWIFT_STANDARD_LIBRARIES = YES;
				CODE_SIGN_STYLE = Automatic;
				CURRENT_PROJECT_VERSION = 1;
				DEVELOPMENT_TEAM = 6HK7V2Q3QW;
				GENERATE_INFOPLIST_FILE = YES;
				MARKETING_VERSION = 1.0;
				PRODUCT_BUNDLE_IDENTIFIER = "test1.TenTechfingers-Uppgift1UITests";
				PRODUCT_NAME = "$(TARGET_NAME)";
				SWIFT_EMIT_LOC_STRINGS = NO;
				SWIFT_VERSION = 5.0;
				TARGETED_DEVICE_FAMILY = "1,2";
				TEST_TARGET_NAME = TenTechfingers_Uppgift1;
			};
			name = Release;
		};
/* End XCBuildConfiguration section */

/* Begin XCConfigurationList section */
		491CC3A52AB3098800391E0B /* Build configuration list for PBXProject "TenTechfingers_Uppgift1" */ = {
			isa = XCConfigurationList;
			buildConfigurations = (
				491CC3D22AB3098900391E0B /* Debug */,
				491CC3D32AB3098900391E0B /* Release */,
			);
			defaultConfigurationIsVisible = 0;
			defaultConfigurationName = Release;
		};
		491CC3D42AB3098900391E0B /* Build configuration list for PBXNativeTarget "TenTechfingers_Uppgift1" */ = {
			isa = XCConfigurationList;
			buildConfigurations = (
				491CC3D52AB3098900391E0B /* Debug */,
				491CC3D62AB3098900391E0B /* Release */,
			);
			defaultConfigurationIsVisible = 0;
			defaultConfigurationName = Release;
		};
		491CC3D72AB3098900391E0B /* Build configuration list for PBXNativeTarget "TenTechfingers_Uppgift1Tests" */ = {
			isa = XCConfigurationList;
			buildConfigurations = (
				491CC3D82AB3098900391E0B /* Debug */,
				491CC3D92AB3098900391E0B /* Release */,
			);
			defaultConfigurationIsVisible = 0;
			defaultConfigurationName = Release;
		};
		491CC3DA2AB3098900391E0B /* Build configuration list for PBXNativeTarget "TenTechfingers_Uppgift1UITests" */ = {
			isa = XCConfigurationList;
			buildConfigurations = (
				491CC3DB2AB3098900391E0B /* Debug */,
				491CC3DC2AB3098900391E0B /* Release */,
			);
			defaultConfigurationIsVisible = 0;
			defaultConfigurationName = Release;
		};
/* End XCConfigurationList section */
	};
	rootObject = 491CC3A22AB3098800391E0B /* Project object */;
}
